// !$*UTF8*$!
{
	archiveVersion = 1;
	classes = {
	};
	objectVersion = 50;
	objects = {

/* Begin PBXBuildFile section */
		7702BEEB2298827A00E43FEC /* CustomImageButton.swift in Sources */ = {isa = PBXBuildFile; fileRef = 7702BEEA2298827A00E43FEC /* CustomImageButton.swift */; };
		7702BEED22989AFE00E43FEC /* ToDoTableViewCell.swift in Sources */ = {isa = PBXBuildFile; fileRef = 7702BEEC22989AFE00E43FEC /* ToDoTableViewCell.swift */; };
		7702BEEF22989BC400E43FEC /* ToDo.swift in Sources */ = {isa = PBXBuildFile; fileRef = 7702BEEE22989BC400E43FEC /* ToDo.swift */; };
		7702BEF122989DD000E43FEC /* DynamicViewType.swift in Sources */ = {isa = PBXBuildFile; fileRef = 7702BEF022989DD000E43FEC /* DynamicViewType.swift */; };
		7702BEF422989E5B00E43FEC /* ToDoTableViewController.swift in Sources */ = {isa = PBXBuildFile; fileRef = 7702BEF322989E5B00E43FEC /* ToDoTableViewController.swift */; };
		771BCEA722960D4800B772AD /* LaunchScreen.storyboard in Resources */ = {isa = PBXBuildFile; fileRef = 771BCEA622960D4800B772AD /* LaunchScreen.storyboard */; };
		771BCEAC2296D6B400B772AD /* SearchView.swift in Sources */ = {isa = PBXBuildFile; fileRef = 771BCEAB2296D6B400B772AD /* SearchView.swift */; };
		771BCEAE2296E5E600B772AD /* CustomSearchTextField.swift in Sources */ = {isa = PBXBuildFile; fileRef = 771BCEAD2296E5E600B772AD /* CustomSearchTextField.swift */; };
		775930D522942E8F00E09140 /* AppDelegate.swift in Sources */ = {isa = PBXBuildFile; fileRef = 775930D422942E8F00E09140 /* AppDelegate.swift */; };
		775930DC22942E9000E09140 /* Assets.xcassets in Resources */ = {isa = PBXBuildFile; fileRef = 775930DB22942E9000E09140 /* Assets.xcassets */; };
		775930EA22942E9000E09140 /* iosProjektTests.swift in Sources */ = {isa = PBXBuildFile; fileRef = 775930E922942E9000E09140 /* iosProjektTests.swift */; };
		775930F522942E9000E09140 /* iosProjektUITests.swift in Sources */ = {isa = PBXBuildFile; fileRef = 775930F422942E9000E09140 /* iosProjektUITests.swift */; };
		7759310322942F0400E09140 /* GoogleService-Info.plist in Resources */ = {isa = PBXBuildFile; fileRef = 7759310222942F0400E09140 /* GoogleService-Info.plist */; };
		776255822297556000D146A5 /* CityCategoriesView.swift in Sources */ = {isa = PBXBuildFile; fileRef = 776255812297556000D146A5 /* CityCategoriesView.swift */; };
		77625584229758A000D146A5 /* UIViewExtension.swift in Sources */ = {isa = PBXBuildFile; fileRef = 77625583229758A000D146A5 /* UIViewExtension.swift */; };
		77625586229767A700D146A5 /* CategoryMenuCell.swift in Sources */ = {isa = PBXBuildFile; fileRef = 77625585229767A700D146A5 /* CategoryMenuCell.swift */; };
		779E3DDB22970C6B00F37B2C /* City.swift in Sources */ = {isa = PBXBuildFile; fileRef = 779E3DDA22970C6B00F37B2C /* City.swift */; };
		779E3DDD229716F200F37B2C /* CityCollectionViewCell.swift in Sources */ = {isa = PBXBuildFile; fileRef = 779E3DDC229716F200F37B2C /* CityCollectionViewCell.swift */; };
		77A73CD8229479DE00353CA7 /* LoginView.swift in Sources */ = {isa = PBXBuildFile; fileRef = 77A73CD7229479DE00353CA7 /* LoginView.swift */; };
		77A73CDA22947A7C00353CA7 /* LoginViewController.swift in Sources */ = {isa = PBXBuildFile; fileRef = 77A73CD922947A7C00353CA7 /* LoginViewController.swift */; };
		77A942B72294864A0080458F /* SignUpView.swift in Sources */ = {isa = PBXBuildFile; fileRef = 77A942B62294864A0080458F /* SignUpView.swift */; };
		77A942BA2294875A0080458F /* UITextFieldExtension.swift in Sources */ = {isa = PBXBuildFile; fileRef = 77A942B92294875A0080458F /* UITextFieldExtension.swift */; };
		77A942BC229488510080458F /* SignUpViewController.swift in Sources */ = {isa = PBXBuildFile; fileRef = 77A942BB229488510080458F /* SignUpViewController.swift */; };
		77A942BE2295D65F0080458F /* InitialView.swift in Sources */ = {isa = PBXBuildFile; fileRef = 77A942BD2295D65F0080458F /* InitialView.swift */; };
		77A942C02295DB690080458F /* InitialViewController.swift in Sources */ = {isa = PBXBuildFile; fileRef = 77A942BF2295DB690080458F /* InitialViewController.swift */; };
		77A942D52295E02E0080458F /* Montserrat-ExtraBold.ttf in Resources */ = {isa = PBXBuildFile; fileRef = 77A942C22295E02A0080458F /* Montserrat-ExtraBold.ttf */; };
		77A942D92295E02E0080458F /* Montserrat-Regular.ttf in Resources */ = {isa = PBXBuildFile; fileRef = 77A942C62295E02B0080458F /* Montserrat-Regular.ttf */; };
		77A942DD2295E02E0080458F /* Montserrat-Light.ttf in Resources */ = {isa = PBXBuildFile; fileRef = 77A942CA2295E02C0080458F /* Montserrat-Light.ttf */; };
		77A942DE2295E02E0080458F /* Montserrat-SemiBold.ttf in Resources */ = {isa = PBXBuildFile; fileRef = 77A942CB2295E02C0080458F /* Montserrat-SemiBold.ttf */; };
		77A942DF2295E02E0080458F /* Montserrat-Thin.ttf in Resources */ = {isa = PBXBuildFile; fileRef = 77A942CC2295E02C0080458F /* Montserrat-Thin.ttf */; };
		77A942E02295E02E0080458F /* Montserrat-ExtraLight.ttf in Resources */ = {isa = PBXBuildFile; fileRef = 77A942CD2295E02D0080458F /* Montserrat-ExtraLight.ttf */; };
		77A942E12295E02E0080458F /* Montserrat-Medium.ttf in Resources */ = {isa = PBXBuildFile; fileRef = 77A942CE2295E02D0080458F /* Montserrat-Medium.ttf */; };
		77A942E32295E02E0080458F /* Montserrat-Bold.ttf in Resources */ = {isa = PBXBuildFile; fileRef = 77A942D02295E02D0080458F /* Montserrat-Bold.ttf */; };
		77A942E52295E02E0080458F /* Montserrat-Black.ttf in Resources */ = {isa = PBXBuildFile; fileRef = 77A942D22295E02E0080458F /* Montserrat-Black.ttf */; };
		77A942E92295E4430080458F /* UIColorExtension.swift in Sources */ = {isa = PBXBuildFile; fileRef = 77A942E82295E4430080458F /* UIColorExtension.swift */; };
		77B18ECD2295EEF700AE22C2 /* MainTabBarViewController.swift in Sources */ = {isa = PBXBuildFile; fileRef = 77B18ECC2295EEF700AE22C2 /* MainTabBarViewController.swift */; };
		77B18ECF2295F29C00AE22C2 /* SearchViewController.swift in Sources */ = {isa = PBXBuildFile; fileRef = 77B18ECE2295F29C00AE22C2 /* SearchViewController.swift */; };
		77B18ED12295F3E700AE22C2 /* CityCategoriesViewController.swift in Sources */ = {isa = PBXBuildFile; fileRef = 77B18ED02295F3E700AE22C2 /* CityCategoriesViewController.swift */; };
		77CBC29D229724ED00B8487B /* ImageService.swift in Sources */ = {isa = PBXBuildFile; fileRef = 77CBC29C229724ED00B8487B /* ImageService.swift */; };
		AF9E32BC6DEF1EFDEA47D560 /* Pods_iosProjektUITests.framework in Frameworks */ = {isa = PBXBuildFile; fileRef = E4393A5ADC78C9E776445D78 /* Pods_iosProjektUITests.framework */; };
		F22E8FDC75F1B517BA81CEF7 /* Pods_iosProjekt.framework in Frameworks */ = {isa = PBXBuildFile; fileRef = 2B4A9FEB4CF6444464C6CF3B /* Pods_iosProjekt.framework */; };
		F38CD656B07D18F45EBFACE0 /* Pods_iosProjektTests.framework in Frameworks */ = {isa = PBXBuildFile; fileRef = DE663D558D934EC26D229E66 /* Pods_iosProjektTests.framework */; };
/* End PBXBuildFile section */

/* Begin PBXContainerItemProxy section */
		775930E622942E9000E09140 /* PBXContainerItemProxy */ = {
			isa = PBXContainerItemProxy;
			containerPortal = 775930C922942E8F00E09140 /* Project object */;
			proxyType = 1;
			remoteGlobalIDString = 775930D022942E8F00E09140;
			remoteInfo = iosProjekt;
		};
		775930F122942E9000E09140 /* PBXContainerItemProxy */ = {
			isa = PBXContainerItemProxy;
			containerPortal = 775930C922942E8F00E09140 /* Project object */;
			proxyType = 1;
			remoteGlobalIDString = 775930D022942E8F00E09140;
			remoteInfo = iosProjekt;
		};
/* End PBXContainerItemProxy section */

/* Begin PBXFileReference section */
		0CCDEA25D56672AC79A23805 /* Pods-iosProjektTests.release.xcconfig */ = {isa = PBXFileReference; includeInIndex = 1; lastKnownFileType = text.xcconfig; name = "Pods-iosProjektTests.release.xcconfig"; path = "Target Support Files/Pods-iosProjektTests/Pods-iosProjektTests.release.xcconfig"; sourceTree = "<group>"; };
		2B4A9FEB4CF6444464C6CF3B /* Pods_iosProjekt.framework */ = {isa = PBXFileReference; explicitFileType = wrapper.framework; includeInIndex = 0; path = Pods_iosProjekt.framework; sourceTree = BUILT_PRODUCTS_DIR; };
		469E2839E798F8BDFBC5056A /* Pods-iosProjekt.release.xcconfig */ = {isa = PBXFileReference; includeInIndex = 1; lastKnownFileType = text.xcconfig; name = "Pods-iosProjekt.release.xcconfig"; path = "Target Support Files/Pods-iosProjekt/Pods-iosProjekt.release.xcconfig"; sourceTree = "<group>"; };
		759C0CB01415A31DD43B4956 /* Pods-iosProjektTests.debug.xcconfig */ = {isa = PBXFileReference; includeInIndex = 1; lastKnownFileType = text.xcconfig; name = "Pods-iosProjektTests.debug.xcconfig"; path = "Target Support Files/Pods-iosProjektTests/Pods-iosProjektTests.debug.xcconfig"; sourceTree = "<group>"; };
		7702BEEA2298827A00E43FEC /* CustomImageButton.swift */ = {isa = PBXFileReference; lastKnownFileType = sourcecode.swift; path = CustomImageButton.swift; sourceTree = "<group>"; };
		7702BEEC22989AFE00E43FEC /* ToDoTableViewCell.swift */ = {isa = PBXFileReference; lastKnownFileType = sourcecode.swift; path = ToDoTableViewCell.swift; sourceTree = "<group>"; };
		7702BEEE22989BC400E43FEC /* ToDo.swift */ = {isa = PBXFileReference; lastKnownFileType = sourcecode.swift; path = ToDo.swift; sourceTree = "<group>"; };
		7702BEF022989DD000E43FEC /* DynamicViewType.swift */ = {isa = PBXFileReference; fileEncoding = 4; lastKnownFileType = sourcecode.swift; path = DynamicViewType.swift; sourceTree = "<group>"; };
		7702BEF322989E5B00E43FEC /* ToDoTableViewController.swift */ = {isa = PBXFileReference; lastKnownFileType = sourcecode.swift; path = ToDoTableViewController.swift; sourceTree = "<group>"; };
		771BCEA622960D4800B772AD /* LaunchScreen.storyboard */ = {isa = PBXFileReference; fileEncoding = 4; lastKnownFileType = file.storyboard; path = LaunchScreen.storyboard; sourceTree = "<group>"; };
		771BCEAB2296D6B400B772AD /* SearchView.swift */ = {isa = PBXFileReference; lastKnownFileType = sourcecode.swift; path = SearchView.swift; sourceTree = "<group>"; };
		771BCEAD2296E5E600B772AD /* CustomSearchTextField.swift */ = {isa = PBXFileReference; lastKnownFileType = sourcecode.swift; path = CustomSearchTextField.swift; sourceTree = "<group>"; };
		775930D122942E8F00E09140 /* iosProjekt.app */ = {isa = PBXFileReference; explicitFileType = wrapper.application; includeInIndex = 0; path = iosProjekt.app; sourceTree = BUILT_PRODUCTS_DIR; };
		775930D422942E8F00E09140 /* AppDelegate.swift */ = {isa = PBXFileReference; lastKnownFileType = sourcecode.swift; path = AppDelegate.swift; sourceTree = "<group>"; };
		775930DB22942E9000E09140 /* Assets.xcassets */ = {isa = PBXFileReference; lastKnownFileType = folder.assetcatalog; path = Assets.xcassets; sourceTree = "<group>"; };
		775930E022942E9000E09140 /* Info.plist */ = {isa = PBXFileReference; lastKnownFileType = text.plist.xml; path = Info.plist; sourceTree = "<group>"; };
		775930E522942E9000E09140 /* iosProjektTests.xctest */ = {isa = PBXFileReference; explicitFileType = wrapper.cfbundle; includeInIndex = 0; path = iosProjektTests.xctest; sourceTree = BUILT_PRODUCTS_DIR; };
		775930E922942E9000E09140 /* iosProjektTests.swift */ = {isa = PBXFileReference; lastKnownFileType = sourcecode.swift; path = iosProjektTests.swift; sourceTree = "<group>"; };
		775930EB22942E9000E09140 /* Info.plist */ = {isa = PBXFileReference; lastKnownFileType = text.plist.xml; path = Info.plist; sourceTree = "<group>"; };
		775930F022942E9000E09140 /* iosProjektUITests.xctest */ = {isa = PBXFileReference; explicitFileType = wrapper.cfbundle; includeInIndex = 0; path = iosProjektUITests.xctest; sourceTree = BUILT_PRODUCTS_DIR; };
		775930F422942E9000E09140 /* iosProjektUITests.swift */ = {isa = PBXFileReference; lastKnownFileType = sourcecode.swift; path = iosProjektUITests.swift; sourceTree = "<group>"; };
		775930F622942E9000E09140 /* Info.plist */ = {isa = PBXFileReference; lastKnownFileType = text.plist.xml; path = Info.plist; sourceTree = "<group>"; };
		7759310222942F0400E09140 /* GoogleService-Info.plist */ = {isa = PBXFileReference; fileEncoding = 4; lastKnownFileType = text.plist.xml; path = "GoogleService-Info.plist"; sourceTree = "<group>"; };
		776255812297556000D146A5 /* CityCategoriesView.swift */ = {isa = PBXFileReference; lastKnownFileType = sourcecode.swift; path = CityCategoriesView.swift; sourceTree = "<group>"; };
		77625583229758A000D146A5 /* UIViewExtension.swift */ = {isa = PBXFileReference; lastKnownFileType = sourcecode.swift; path = UIViewExtension.swift; sourceTree = "<group>"; };
		77625585229767A700D146A5 /* CategoryMenuCell.swift */ = {isa = PBXFileReference; lastKnownFileType = sourcecode.swift; path = CategoryMenuCell.swift; sourceTree = "<group>"; };
		779E3DDA22970C6B00F37B2C /* City.swift */ = {isa = PBXFileReference; lastKnownFileType = sourcecode.swift; path = City.swift; sourceTree = "<group>"; };
		779E3DDC229716F200F37B2C /* CityCollectionViewCell.swift */ = {isa = PBXFileReference; lastKnownFileType = sourcecode.swift; path = CityCollectionViewCell.swift; sourceTree = "<group>"; };
		77A73CD7229479DE00353CA7 /* LoginView.swift */ = {isa = PBXFileReference; lastKnownFileType = sourcecode.swift; path = LoginView.swift; sourceTree = "<group>"; };
		77A73CD922947A7C00353CA7 /* LoginViewController.swift */ = {isa = PBXFileReference; lastKnownFileType = sourcecode.swift; path = LoginViewController.swift; sourceTree = "<group>"; };
		77A942B62294864A0080458F /* SignUpView.swift */ = {isa = PBXFileReference; lastKnownFileType = sourcecode.swift; path = SignUpView.swift; sourceTree = "<group>"; };
		77A942B92294875A0080458F /* UITextFieldExtension.swift */ = {isa = PBXFileReference; lastKnownFileType = sourcecode.swift; path = UITextFieldExtension.swift; sourceTree = "<group>"; };
		77A942BB229488510080458F /* SignUpViewController.swift */ = {isa = PBXFileReference; lastKnownFileType = sourcecode.swift; path = SignUpViewController.swift; sourceTree = "<group>"; };
		77A942BD2295D65F0080458F /* InitialView.swift */ = {isa = PBXFileReference; lastKnownFileType = sourcecode.swift; path = InitialView.swift; sourceTree = "<group>"; };
		77A942BF2295DB690080458F /* InitialViewController.swift */ = {isa = PBXFileReference; lastKnownFileType = sourcecode.swift; path = InitialViewController.swift; sourceTree = "<group>"; };
		77A942C22295E02A0080458F /* Montserrat-ExtraBold.ttf */ = {isa = PBXFileReference; lastKnownFileType = file; path = "Montserrat-ExtraBold.ttf"; sourceTree = "<group>"; };
		77A942C62295E02B0080458F /* Montserrat-Regular.ttf */ = {isa = PBXFileReference; lastKnownFileType = file; path = "Montserrat-Regular.ttf"; sourceTree = "<group>"; };
		77A942CA2295E02C0080458F /* Montserrat-Light.ttf */ = {isa = PBXFileReference; lastKnownFileType = file; path = "Montserrat-Light.ttf"; sourceTree = "<group>"; };
		77A942CB2295E02C0080458F /* Montserrat-SemiBold.ttf */ = {isa = PBXFileReference; lastKnownFileType = file; path = "Montserrat-SemiBold.ttf"; sourceTree = "<group>"; };
		77A942CC2295E02C0080458F /* Montserrat-Thin.ttf */ = {isa = PBXFileReference; lastKnownFileType = file; path = "Montserrat-Thin.ttf"; sourceTree = "<group>"; };
		77A942CD2295E02D0080458F /* Montserrat-ExtraLight.ttf */ = {isa = PBXFileReference; lastKnownFileType = file; path = "Montserrat-ExtraLight.ttf"; sourceTree = "<group>"; };
		77A942CE2295E02D0080458F /* Montserrat-Medium.ttf */ = {isa = PBXFileReference; lastKnownFileType = file; path = "Montserrat-Medium.ttf"; sourceTree = "<group>"; };
		77A942D02295E02D0080458F /* Montserrat-Bold.ttf */ = {isa = PBXFileReference; lastKnownFileType = file; path = "Montserrat-Bold.ttf"; sourceTree = "<group>"; };
		77A942D22295E02E0080458F /* Montserrat-Black.ttf */ = {isa = PBXFileReference; lastKnownFileType = file; path = "Montserrat-Black.ttf"; sourceTree = "<group>"; };
		77A942E82295E4430080458F /* UIColorExtension.swift */ = {isa = PBXFileReference; lastKnownFileType = sourcecode.swift; path = UIColorExtension.swift; sourceTree = "<group>"; };
		77B18ECC2295EEF700AE22C2 /* MainTabBarViewController.swift */ = {isa = PBXFileReference; lastKnownFileType = sourcecode.swift; path = MainTabBarViewController.swift; sourceTree = "<group>"; };
		77B18ECE2295F29C00AE22C2 /* SearchViewController.swift */ = {isa = PBXFileReference; lastKnownFileType = sourcecode.swift; path = SearchViewController.swift; sourceTree = "<group>"; };
		77B18ED02295F3E700AE22C2 /* CityCategoriesViewController.swift */ = {isa = PBXFileReference; lastKnownFileType = sourcecode.swift; path = CityCategoriesViewController.swift; sourceTree = "<group>"; };
		77CBC29C229724ED00B8487B /* ImageService.swift */ = {isa = PBXFileReference; lastKnownFileType = sourcecode.swift; path = ImageService.swift; sourceTree = "<group>"; };
		8C8EAA7A1D20BA6A5210C71A /* Pods-iosProjekt.debug.xcconfig */ = {isa = PBXFileReference; includeInIndex = 1; lastKnownFileType = text.xcconfig; name = "Pods-iosProjekt.debug.xcconfig"; path = "Target Support Files/Pods-iosProjekt/Pods-iosProjekt.debug.xcconfig"; sourceTree = "<group>"; };
		8E9682D5A241FBE48C7C07C2 /* Pods-iosProjektUITests.debug.xcconfig */ = {isa = PBXFileReference; includeInIndex = 1; lastKnownFileType = text.xcconfig; name = "Pods-iosProjektUITests.debug.xcconfig"; path = "Target Support Files/Pods-iosProjektUITests/Pods-iosProjektUITests.debug.xcconfig"; sourceTree = "<group>"; };
		C84203F7CB24D48B332E46F3 /* Pods-iosProjektUITests.release.xcconfig */ = {isa = PBXFileReference; includeInIndex = 1; lastKnownFileType = text.xcconfig; name = "Pods-iosProjektUITests.release.xcconfig"; path = "Target Support Files/Pods-iosProjektUITests/Pods-iosProjektUITests.release.xcconfig"; sourceTree = "<group>"; };
		DE663D558D934EC26D229E66 /* Pods_iosProjektTests.framework */ = {isa = PBXFileReference; explicitFileType = wrapper.framework; includeInIndex = 0; path = Pods_iosProjektTests.framework; sourceTree = BUILT_PRODUCTS_DIR; };
		E4393A5ADC78C9E776445D78 /* Pods_iosProjektUITests.framework */ = {isa = PBXFileReference; explicitFileType = wrapper.framework; includeInIndex = 0; path = Pods_iosProjektUITests.framework; sourceTree = BUILT_PRODUCTS_DIR; };
/* End PBXFileReference section */

/* Begin PBXFrameworksBuildPhase section */
		775930CE22942E8F00E09140 /* Frameworks */ = {
			isa = PBXFrameworksBuildPhase;
			buildActionMask = 2147483647;
			files = (
				F22E8FDC75F1B517BA81CEF7 /* Pods_iosProjekt.framework in Frameworks */,
			);
			runOnlyForDeploymentPostprocessing = 0;
		};
		775930E222942E9000E09140 /* Frameworks */ = {
			isa = PBXFrameworksBuildPhase;
			buildActionMask = 2147483647;
			files = (
				F38CD656B07D18F45EBFACE0 /* Pods_iosProjektTests.framework in Frameworks */,
			);
			runOnlyForDeploymentPostprocessing = 0;
		};
		775930ED22942E9000E09140 /* Frameworks */ = {
			isa = PBXFrameworksBuildPhase;
			buildActionMask = 2147483647;
			files = (
				AF9E32BC6DEF1EFDEA47D560 /* Pods_iosProjektUITests.framework in Frameworks */,
			);
			runOnlyForDeploymentPostprocessing = 0;
		};
/* End PBXFrameworksBuildPhase section */

/* Begin PBXGroup section */
		12B9A353DE17E766CEB1A4F2 /* Pods */ = {
			isa = PBXGroup;
			children = (
				8C8EAA7A1D20BA6A5210C71A /* Pods-iosProjekt.debug.xcconfig */,
				469E2839E798F8BDFBC5056A /* Pods-iosProjekt.release.xcconfig */,
				759C0CB01415A31DD43B4956 /* Pods-iosProjektTests.debug.xcconfig */,
				0CCDEA25D56672AC79A23805 /* Pods-iosProjektTests.release.xcconfig */,
				8E9682D5A241FBE48C7C07C2 /* Pods-iosProjektUITests.debug.xcconfig */,
				C84203F7CB24D48B332E46F3 /* Pods-iosProjektUITests.release.xcconfig */,
			);
			path = Pods;
			sourceTree = "<group>";
		};
		38276D872931400143A43B36 /* Frameworks */ = {
			isa = PBXGroup;
			children = (
				2B4A9FEB4CF6444464C6CF3B /* Pods_iosProjekt.framework */,
				DE663D558D934EC26D229E66 /* Pods_iosProjektTests.framework */,
				E4393A5ADC78C9E776445D78 /* Pods_iosProjektUITests.framework */,
			);
			name = Frameworks;
			sourceTree = "<group>";
		};
		7702BEF222989E1A00E43FEC /* SearchNavigationController */ = {
			isa = PBXGroup;
			children = (
				77B18ECE2295F29C00AE22C2 /* SearchViewController.swift */,
				77B18ED02295F3E700AE22C2 /* CityCategoriesViewController.swift */,
				7702BEF322989E5B00E43FEC /* ToDoTableViewController.swift */,
			);
			path = SearchNavigationController;
			sourceTree = "<group>";
		};
		771BCEAA2296D68C00B772AD /* MainTabBarViews */ = {
			isa = PBXGroup;
			children = (
				7702BEEC22989AFE00E43FEC /* ToDoTableViewCell.swift */,
				771BCEAB2296D6B400B772AD /* SearchView.swift */,
				776255812297556000D146A5 /* CityCategoriesView.swift */,
				779E3DDC229716F200F37B2C /* CityCollectionViewCell.swift */,
				77625585229767A700D146A5 /* CategoryMenuCell.swift */,
			);
			path = MainTabBarViews;
			sourceTree = "<group>";
		};
		775930C822942E8F00E09140 = {
			isa = PBXGroup;
			children = (
				775930D322942E8F00E09140 /* iosProjekt */,
				775930E822942E9000E09140 /* iosProjektTests */,
				775930F322942E9000E09140 /* iosProjektUITests */,
				775930D222942E8F00E09140 /* Products */,
				12B9A353DE17E766CEB1A4F2 /* Pods */,
				38276D872931400143A43B36 /* Frameworks */,
			);
			sourceTree = "<group>";
		};
		775930D222942E8F00E09140 /* Products */ = {
			isa = PBXGroup;
			children = (
				775930D122942E8F00E09140 /* iosProjekt.app */,
				775930E522942E9000E09140 /* iosProjektTests.xctest */,
				775930F022942E9000E09140 /* iosProjektUITests.xctest */,
			);
			name = Products;
			sourceTree = "<group>";
		};
		775930D322942E8F00E09140 /* iosProjekt */ = {
			isa = PBXGroup;
			children = (
				77CBC29B229724DA00B8487B /* Services */,
				77A942B82294872A0080458F /* Common */,
				77A73CD6229479B100353CA7 /* Models */,
				77A73CD52294798500353CA7 /* ViewControllers */,
				77A73CD42294797900353CA7 /* Views */,
				775930D422942E8F00E09140 /* AppDelegate.swift */,
				775930DB22942E9000E09140 /* Assets.xcassets */,
				771BCEA622960D4800B772AD /* LaunchScreen.storyboard */,
				7759310222942F0400E09140 /* GoogleService-Info.plist */,
				775930E022942E9000E09140 /* Info.plist */,
				77A942C12295DFDE0080458F /* Resources */,
			);
			path = iosProjekt;
			sourceTree = "<group>";
		};
		775930E822942E9000E09140 /* iosProjektTests */ = {
			isa = PBXGroup;
			children = (
				775930E922942E9000E09140 /* iosProjektTests.swift */,
				775930EB22942E9000E09140 /* Info.plist */,
			);
			path = iosProjektTests;
			sourceTree = "<group>";
		};
		775930F322942E9000E09140 /* iosProjektUITests */ = {
			isa = PBXGroup;
			children = (
				775930F422942E9000E09140 /* iosProjektUITests.swift */,
				775930F622942E9000E09140 /* Info.plist */,
			);
			path = iosProjektUITests;
			sourceTree = "<group>";
		};
		77A73CD42294797900353CA7 /* Views */ = {
			isa = PBXGroup;
			children = (
				771BCEAA2296D68C00B772AD /* MainTabBarViews */,
				77A73CD7229479DE00353CA7 /* LoginView.swift */,
				77A942BD2295D65F0080458F /* InitialView.swift */,
				77A942B62294864A0080458F /* SignUpView.swift */,
			);
			path = Views;
			sourceTree = "<group>";
		};
		77A73CD52294798500353CA7 /* ViewControllers */ = {
			isa = PBXGroup;
			children = (
				77B18ED42295F7B600AE22C2 /* MainTabBarControllers */,
				77A73CD922947A7C00353CA7 /* LoginViewController.swift */,
				77A942BF2295DB690080458F /* InitialViewController.swift */,
				77A942BB229488510080458F /* SignUpViewController.swift */,
			);
			path = ViewControllers;
			sourceTree = "<group>";
		};
		77A73CD6229479B100353CA7 /* Models */ = {
			isa = PBXGroup;
			children = (
				779E3DDA22970C6B00F37B2C /* City.swift */,
				7702BEEE22989BC400E43FEC /* ToDo.swift */,
			);
			path = Models;
			sourceTree = "<group>";
		};
		77A942B82294872A0080458F /* Common */ = {
			isa = PBXGroup;
			children = (
				7702BEF022989DD000E43FEC /* DynamicViewType.swift */,
				77A942B92294875A0080458F /* UITextFieldExtension.swift */,
				77625583229758A000D146A5 /* UIViewExtension.swift */,
				7702BEEA2298827A00E43FEC /* CustomImageButton.swift */,
				771BCEAD2296E5E600B772AD /* CustomSearchTextField.swift */,
				77A942E82295E4430080458F /* UIColorExtension.swift */,
			);
			path = Common;
			sourceTree = "<group>";
		};
		77A942C12295DFDE0080458F /* Resources */ = {
			isa = PBXGroup;
			children = (
				77A942D22295E02E0080458F /* Montserrat-Black.ttf */,
				77A942D02295E02D0080458F /* Montserrat-Bold.ttf */,
				77A942C22295E02A0080458F /* Montserrat-ExtraBold.ttf */,
				77A942CD2295E02D0080458F /* Montserrat-ExtraLight.ttf */,
				77A942CA2295E02C0080458F /* Montserrat-Light.ttf */,
				77A942CE2295E02D0080458F /* Montserrat-Medium.ttf */,
				77A942C62295E02B0080458F /* Montserrat-Regular.ttf */,
				77A942CB2295E02C0080458F /* Montserrat-SemiBold.ttf */,
				77A942CC2295E02C0080458F /* Montserrat-Thin.ttf */,
			);
			path = Resources;
			sourceTree = "<group>";
		};
		77B18ED42295F7B600AE22C2 /* MainTabBarControllers */ = {
			isa = PBXGroup;
			children = (
				7702BEF222989E1A00E43FEC /* SearchNavigationController */,
				77B18ECC2295EEF700AE22C2 /* MainTabBarViewController.swift */,
			);
			path = MainTabBarControllers;
			sourceTree = "<group>";
		};
		77CBC29B229724DA00B8487B /* Services */ = {
			isa = PBXGroup;
			children = (
				77CBC29C229724ED00B8487B /* ImageService.swift */,
			);
			path = Services;
			sourceTree = "<group>";
		};
/* End PBXGroup section */

/* Begin PBXNativeTarget section */
		775930D022942E8F00E09140 /* iosProjekt */ = {
			isa = PBXNativeTarget;
			buildConfigurationList = 775930F922942E9000E09140 /* Build configuration list for PBXNativeTarget "iosProjekt" */;
			buildPhases = (
				C08C842D93B90A6D06F7BF1C /* [CP] Check Pods Manifest.lock */,
				775930CD22942E8F00E09140 /* Sources */,
				775930CE22942E8F00E09140 /* Frameworks */,
				775930CF22942E8F00E09140 /* Resources */,
				D50D6093681ABFCCEBBCE46B /* [CP] Embed Pods Frameworks */,
			);
			buildRules = (
			);
			dependencies = (
			);
			name = iosProjekt;
			productName = iosProjekt;
			productReference = 775930D122942E8F00E09140 /* iosProjekt.app */;
			productType = "com.apple.product-type.application";
		};
		775930E422942E9000E09140 /* iosProjektTests */ = {
			isa = PBXNativeTarget;
			buildConfigurationList = 775930FC22942E9000E09140 /* Build configuration list for PBXNativeTarget "iosProjektTests" */;
			buildPhases = (
				4114F18D792A05944501B53F /* [CP] Check Pods Manifest.lock */,
				775930E122942E9000E09140 /* Sources */,
				775930E222942E9000E09140 /* Frameworks */,
				775930E322942E9000E09140 /* Resources */,
			);
			buildRules = (
			);
			dependencies = (
				775930E722942E9000E09140 /* PBXTargetDependency */,
			);
			name = iosProjektTests;
			productName = iosProjektTests;
			productReference = 775930E522942E9000E09140 /* iosProjektTests.xctest */;
			productType = "com.apple.product-type.bundle.unit-test";
		};
		775930EF22942E9000E09140 /* iosProjektUITests */ = {
			isa = PBXNativeTarget;
			buildConfigurationList = 775930FF22942E9000E09140 /* Build configuration list for PBXNativeTarget "iosProjektUITests" */;
			buildPhases = (
				5B41CC54ADA57BB3AB1EEDAA /* [CP] Check Pods Manifest.lock */,
				775930EC22942E9000E09140 /* Sources */,
				775930ED22942E9000E09140 /* Frameworks */,
				775930EE22942E9000E09140 /* Resources */,
			);
			buildRules = (
			);
			dependencies = (
				775930F222942E9000E09140 /* PBXTargetDependency */,
			);
			name = iosProjektUITests;
			productName = iosProjektUITests;
			productReference = 775930F022942E9000E09140 /* iosProjektUITests.xctest */;
			productType = "com.apple.product-type.bundle.ui-testing";
		};
/* End PBXNativeTarget section */

/* Begin PBXProject section */
		775930C922942E8F00E09140 /* Project object */ = {
			isa = PBXProject;
			attributes = {
				LastSwiftUpdateCheck = 1010;
				LastUpgradeCheck = 1010;
				ORGANIZATIONNAME = five;
				TargetAttributes = {
					775930D022942E8F00E09140 = {
						CreatedOnToolsVersion = 10.1;
					};
					775930E422942E9000E09140 = {
						CreatedOnToolsVersion = 10.1;
						TestTargetID = 775930D022942E8F00E09140;
					};
					775930EF22942E9000E09140 = {
						CreatedOnToolsVersion = 10.1;
						TestTargetID = 775930D022942E8F00E09140;
					};
				};
			};
			buildConfigurationList = 775930CC22942E8F00E09140 /* Build configuration list for PBXProject "iosProjekt" */;
			compatibilityVersion = "Xcode 9.3";
			developmentRegion = en;
			hasScannedForEncodings = 0;
			knownRegions = (
				en,
				Base,
			);
			mainGroup = 775930C822942E8F00E09140;
			productRefGroup = 775930D222942E8F00E09140 /* Products */;
			projectDirPath = "";
			projectRoot = "";
			targets = (
				775930D022942E8F00E09140 /* iosProjekt */,
				775930E422942E9000E09140 /* iosProjektTests */,
				775930EF22942E9000E09140 /* iosProjektUITests */,
			);
		};
/* End PBXProject section */

/* Begin PBXResourcesBuildPhase section */
		775930CF22942E8F00E09140 /* Resources */ = {
			isa = PBXResourcesBuildPhase;
			buildActionMask = 2147483647;
			files = (
				77A942E12295E02E0080458F /* Montserrat-Medium.ttf in Resources */,
				77A942DF2295E02E0080458F /* Montserrat-Thin.ttf in Resources */,
				77A942E02295E02E0080458F /* Montserrat-ExtraLight.ttf in Resources */,
				7759310322942F0400E09140 /* GoogleService-Info.plist in Resources */,
				77A942D92295E02E0080458F /* Montserrat-Regular.ttf in Resources */,
				77A942E32295E02E0080458F /* Montserrat-Bold.ttf in Resources */,
				77A942DE2295E02E0080458F /* Montserrat-SemiBold.ttf in Resources */,
				77A942E52295E02E0080458F /* Montserrat-Black.ttf in Resources */,
				77A942DD2295E02E0080458F /* Montserrat-Light.ttf in Resources */,
				771BCEA722960D4800B772AD /* LaunchScreen.storyboard in Resources */,
				77A942D52295E02E0080458F /* Montserrat-ExtraBold.ttf in Resources */,
				775930DC22942E9000E09140 /* Assets.xcassets in Resources */,
			);
			runOnlyForDeploymentPostprocessing = 0;
		};
		775930E322942E9000E09140 /* Resources */ = {
			isa = PBXResourcesBuildPhase;
			buildActionMask = 2147483647;
			files = (
			);
			runOnlyForDeploymentPostprocessing = 0;
		};
		775930EE22942E9000E09140 /* Resources */ = {
			isa = PBXResourcesBuildPhase;
			buildActionMask = 2147483647;
			files = (
			);
			runOnlyForDeploymentPostprocessing = 0;
		};
/* End PBXResourcesBuildPhase section */

/* Begin PBXShellScriptBuildPhase section */
		4114F18D792A05944501B53F /* [CP] Check Pods Manifest.lock */ = {
			isa = PBXShellScriptBuildPhase;
			buildActionMask = 2147483647;
			files = (
			);
			inputFileListPaths = (
			);
			inputPaths = (
				"${PODS_PODFILE_DIR_PATH}/Podfile.lock",
				"${PODS_ROOT}/Manifest.lock",
			);
			name = "[CP] Check Pods Manifest.lock";
			outputFileListPaths = (
			);
			outputPaths = (
				"$(DERIVED_FILE_DIR)/Pods-iosProjektTests-checkManifestLockResult.txt",
			);
			runOnlyForDeploymentPostprocessing = 0;
			shellPath = /bin/sh;
			shellScript = "diff \"${PODS_PODFILE_DIR_PATH}/Podfile.lock\" \"${PODS_ROOT}/Manifest.lock\" > /dev/null\nif [ $? != 0 ] ; then\n    # print error to STDERR\n    echo \"error: The sandbox is not in sync with the Podfile.lock. Run 'pod install' or update your CocoaPods installation.\" >&2\n    exit 1\nfi\n# This output is used by Xcode 'outputs' to avoid re-running this script phase.\necho \"SUCCESS\" > \"${SCRIPT_OUTPUT_FILE_0}\"\n";
			showEnvVarsInLog = 0;
		};
		5B41CC54ADA57BB3AB1EEDAA /* [CP] Check Pods Manifest.lock */ = {
			isa = PBXShellScriptBuildPhase;
			buildActionMask = 2147483647;
			files = (
			);
			inputFileListPaths = (
			);
			inputPaths = (
				"${PODS_PODFILE_DIR_PATH}/Podfile.lock",
				"${PODS_ROOT}/Manifest.lock",
			);
			name = "[CP] Check Pods Manifest.lock";
			outputFileListPaths = (
			);
			outputPaths = (
				"$(DERIVED_FILE_DIR)/Pods-iosProjektUITests-checkManifestLockResult.txt",
			);
			runOnlyForDeploymentPostprocessing = 0;
			shellPath = /bin/sh;
			shellScript = "diff \"${PODS_PODFILE_DIR_PATH}/Podfile.lock\" \"${PODS_ROOT}/Manifest.lock\" > /dev/null\nif [ $? != 0 ] ; then\n    # print error to STDERR\n    echo \"error: The sandbox is not in sync with the Podfile.lock. Run 'pod install' or update your CocoaPods installation.\" >&2\n    exit 1\nfi\n# This output is used by Xcode 'outputs' to avoid re-running this script phase.\necho \"SUCCESS\" > \"${SCRIPT_OUTPUT_FILE_0}\"\n";
			showEnvVarsInLog = 0;
		};
		C08C842D93B90A6D06F7BF1C /* [CP] Check Pods Manifest.lock */ = {
			isa = PBXShellScriptBuildPhase;
			buildActionMask = 2147483647;
			files = (
			);
			inputFileListPaths = (
			);
			inputPaths = (
				"${PODS_PODFILE_DIR_PATH}/Podfile.lock",
				"${PODS_ROOT}/Manifest.lock",
			);
			name = "[CP] Check Pods Manifest.lock";
			outputFileListPaths = (
			);
			outputPaths = (
				"$(DERIVED_FILE_DIR)/Pods-iosProjekt-checkManifestLockResult.txt",
			);
			runOnlyForDeploymentPostprocessing = 0;
			shellPath = /bin/sh;
			shellScript = "diff \"${PODS_PODFILE_DIR_PATH}/Podfile.lock\" \"${PODS_ROOT}/Manifest.lock\" > /dev/null\nif [ $? != 0 ] ; then\n    # print error to STDERR\n    echo \"error: The sandbox is not in sync with the Podfile.lock. Run 'pod install' or update your CocoaPods installation.\" >&2\n    exit 1\nfi\n# This output is used by Xcode 'outputs' to avoid re-running this script phase.\necho \"SUCCESS\" > \"${SCRIPT_OUTPUT_FILE_0}\"\n";
			showEnvVarsInLog = 0;
		};
		D50D6093681ABFCCEBBCE46B /* [CP] Embed Pods Frameworks */ = {
			isa = PBXShellScriptBuildPhase;
			buildActionMask = 2147483647;
			files = (
			);
			inputFileListPaths = (
			);
			inputPaths = (
				"${PODS_ROOT}/Target Support Files/Pods-iosProjekt/Pods-iosProjekt-frameworks.sh",
				"${BUILT_PRODUCTS_DIR}/GTMSessionFetcher/GTMSessionFetcher.framework",
				"${BUILT_PRODUCTS_DIR}/GoogleUtilities/GoogleUtilities.framework",
				"${BUILT_PRODUCTS_DIR}/leveldb-library/leveldb.framework",
				"${BUILT_PRODUCTS_DIR}/nanopb/nanopb.framework",
			);
			name = "[CP] Embed Pods Frameworks";
			outputFileListPaths = (
			);
			outputPaths = (
				"${TARGET_BUILD_DIR}/${FRAMEWORKS_FOLDER_PATH}/GTMSessionFetcher.framework",
				"${TARGET_BUILD_DIR}/${FRAMEWORKS_FOLDER_PATH}/GoogleUtilities.framework",
				"${TARGET_BUILD_DIR}/${FRAMEWORKS_FOLDER_PATH}/leveldb.framework",
				"${TARGET_BUILD_DIR}/${FRAMEWORKS_FOLDER_PATH}/nanopb.framework",
			);
			runOnlyForDeploymentPostprocessing = 0;
			shellPath = /bin/sh;
			shellScript = "\"${PODS_ROOT}/Target Support Files/Pods-iosProjekt/Pods-iosProjekt-frameworks.sh\"\n";
			showEnvVarsInLog = 0;
		};
/* End PBXShellScriptBuildPhase section */

/* Begin PBXSourcesBuildPhase section */
		775930CD22942E8F00E09140 /* Sources */ = {
			isa = PBXSourcesBuildPhase;
			buildActionMask = 2147483647;
			files = (
				77625586229767A700D146A5 /* CategoryMenuCell.swift in Sources */,
				77A942BC229488510080458F /* SignUpViewController.swift in Sources */,
				77B18ECF2295F29C00AE22C2 /* SearchViewController.swift in Sources */,
				7702BEEF22989BC400E43FEC /* ToDo.swift in Sources */,
				77A942BA2294875A0080458F /* UITextFieldExtension.swift in Sources */,
				7702BEEB2298827A00E43FEC /* CustomImageButton.swift in Sources */,
				779E3DDD229716F200F37B2C /* CityCollectionViewCell.swift in Sources */,
				77A942B72294864A0080458F /* SignUpView.swift in Sources */,
				77A73CDA22947A7C00353CA7 /* LoginViewController.swift in Sources */,
				77A73CD8229479DE00353CA7 /* LoginView.swift in Sources */,
				77B18ECD2295EEF700AE22C2 /* MainTabBarViewController.swift in Sources */,
				77A942E92295E4430080458F /* UIColorExtension.swift in Sources */,
				7702BEED22989AFE00E43FEC /* ToDoTableViewCell.swift in Sources */,
				77A942BE2295D65F0080458F /* InitialView.swift in Sources */,
				77625584229758A000D146A5 /* UIViewExtension.swift in Sources */,
				7702BEF422989E5B00E43FEC /* ToDoTableViewController.swift in Sources */,
				775930D522942E8F00E09140 /* AppDelegate.swift in Sources */,
				7702BEF122989DD000E43FEC /* DynamicViewType.swift in Sources */,
				77CBC29D229724ED00B8487B /* ImageService.swift in Sources */,
				771BCEAC2296D6B400B772AD /* SearchView.swift in Sources */,
				77A942C02295DB690080458F /* InitialViewController.swift in Sources */,
				771BCEAE2296E5E600B772AD /* CustomSearchTextField.swift in Sources */,
				776255822297556000D146A5 /* CityCategoriesView.swift in Sources */,
				779E3DDB22970C6B00F37B2C /* City.swift in Sources */,
				77B18ED12295F3E700AE22C2 /* CityCategoriesViewController.swift in Sources */,
			);
			runOnlyForDeploymentPostprocessing = 0;
		};
		775930E122942E9000E09140 /* Sources */ = {
			isa = PBXSourcesBuildPhase;
			buildActionMask = 2147483647;
			files = (
				775930EA22942E9000E09140 /* iosProjektTests.swift in Sources */,
			);
			runOnlyForDeploymentPostprocessing = 0;
		};
		775930EC22942E9000E09140 /* Sources */ = {
			isa = PBXSourcesBuildPhase;
			buildActionMask = 2147483647;
			files = (
				775930F522942E9000E09140 /* iosProjektUITests.swift in Sources */,
			);
			runOnlyForDeploymentPostprocessing = 0;
		};
/* End PBXSourcesBuildPhase section */

/* Begin PBXTargetDependency section */
		775930E722942E9000E09140 /* PBXTargetDependency */ = {
			isa = PBXTargetDependency;
			target = 775930D022942E8F00E09140 /* iosProjekt */;
			targetProxy = 775930E622942E9000E09140 /* PBXContainerItemProxy */;
		};
		775930F222942E9000E09140 /* PBXTargetDependency */ = {
			isa = PBXTargetDependency;
			target = 775930D022942E8F00E09140 /* iosProjekt */;
			targetProxy = 775930F122942E9000E09140 /* PBXContainerItemProxy */;
		};
/* End PBXTargetDependency section */

/* Begin XCBuildConfiguration section */
		775930F722942E9000E09140 /* Debug */ = {
			isa = XCBuildConfiguration;
			buildSettings = {
				ALWAYS_SEARCH_USER_PATHS = NO;
				CLANG_ANALYZER_NONNULL = YES;
				CLANG_ANALYZER_NUMBER_OBJECT_CONVERSION = YES_AGGRESSIVE;
				CLANG_CXX_LANGUAGE_STANDARD = "gnu++14";
				CLANG_CXX_LIBRARY = "libc++";
				CLANG_ENABLE_MODULES = YES;
				CLANG_ENABLE_OBJC_ARC = YES;
				CLANG_ENABLE_OBJC_WEAK = YES;
				CLANG_WARN_BLOCK_CAPTURE_AUTORELEASING = YES;
				CLANG_WARN_BOOL_CONVERSION = YES;
				CLANG_WARN_COMMA = YES;
				CLANG_WARN_CONSTANT_CONVERSION = YES;
				CLANG_WARN_DEPRECATED_OBJC_IMPLEMENTATIONS = YES;
				CLANG_WARN_DIRECT_OBJC_ISA_USAGE = YES_ERROR;
				CLANG_WARN_DOCUMENTATION_COMMENTS = YES;
				CLANG_WARN_EMPTY_BODY = YES;
				CLANG_WARN_ENUM_CONVERSION = YES;
				CLANG_WARN_INFINITE_RECURSION = YES;
				CLANG_WARN_INT_CONVERSION = YES;
				CLANG_WARN_NON_LITERAL_NULL_CONVERSION = YES;
				CLANG_WARN_OBJC_IMPLICIT_RETAIN_SELF = YES;
				CLANG_WARN_OBJC_LITERAL_CONVERSION = YES;
				CLANG_WARN_OBJC_ROOT_CLASS = YES_ERROR;
				CLANG_WARN_RANGE_LOOP_ANALYSIS = YES;
				CLANG_WARN_STRICT_PROTOTYPES = YES;
				CLANG_WARN_SUSPICIOUS_MOVE = YES;
				CLANG_WARN_UNGUARDED_AVAILABILITY = YES_AGGRESSIVE;
				CLANG_WARN_UNREACHABLE_CODE = YES;
				CLANG_WARN__DUPLICATE_METHOD_MATCH = YES;
				CODE_SIGN_IDENTITY = "iPhone Developer";
				COPY_PHASE_STRIP = NO;
				DEBUG_INFORMATION_FORMAT = dwarf;
				ENABLE_STRICT_OBJC_MSGSEND = YES;
				ENABLE_TESTABILITY = YES;
				GCC_C_LANGUAGE_STANDARD = gnu11;
				GCC_DYNAMIC_NO_PIC = NO;
				GCC_NO_COMMON_BLOCKS = YES;
				GCC_OPTIMIZATION_LEVEL = 0;
				GCC_PREPROCESSOR_DEFINITIONS = (
					"DEBUG=1",
					"$(inherited)",
				);
				GCC_WARN_64_TO_32_BIT_CONVERSION = YES;
				GCC_WARN_ABOUT_RETURN_TYPE = YES_ERROR;
				GCC_WARN_UNDECLARED_SELECTOR = YES;
				GCC_WARN_UNINITIALIZED_AUTOS = YES_AGGRESSIVE;
				GCC_WARN_UNUSED_FUNCTION = YES;
				GCC_WARN_UNUSED_VARIABLE = YES;
				IPHONEOS_DEPLOYMENT_TARGET = 12.1;
				MTL_ENABLE_DEBUG_INFO = INCLUDE_SOURCE;
				MTL_FAST_MATH = YES;
				ONLY_ACTIVE_ARCH = YES;
				SDKROOT = iphoneos;
				SWIFT_ACTIVE_COMPILATION_CONDITIONS = DEBUG;
				SWIFT_OPTIMIZATION_LEVEL = "-Onone";
			};
			name = Debug;
		};
		775930F822942E9000E09140 /* Release */ = {
			isa = XCBuildConfiguration;
			buildSettings = {
				ALWAYS_SEARCH_USER_PATHS = NO;
				CLANG_ANALYZER_NONNULL = YES;
				CLANG_ANALYZER_NUMBER_OBJECT_CONVERSION = YES_AGGRESSIVE;
				CLANG_CXX_LANGUAGE_STANDARD = "gnu++14";
				CLANG_CXX_LIBRARY = "libc++";
				CLANG_ENABLE_MODULES = YES;
				CLANG_ENABLE_OBJC_ARC = YES;
				CLANG_ENABLE_OBJC_WEAK = YES;
				CLANG_WARN_BLOCK_CAPTURE_AUTORELEASING = YES;
				CLANG_WARN_BOOL_CONVERSION = YES;
				CLANG_WARN_COMMA = YES;
				CLANG_WARN_CONSTANT_CONVERSION = YES;
				CLANG_WARN_DEPRECATED_OBJC_IMPLEMENTATIONS = YES;
				CLANG_WARN_DIRECT_OBJC_ISA_USAGE = YES_ERROR;
				CLANG_WARN_DOCUMENTATION_COMMENTS = YES;
				CLANG_WARN_EMPTY_BODY = YES;
				CLANG_WARN_ENUM_CONVERSION = YES;
				CLANG_WARN_INFINITE_RECURSION = YES;
				CLANG_WARN_INT_CONVERSION = YES;
				CLANG_WARN_NON_LITERAL_NULL_CONVERSION = YES;
				CLANG_WARN_OBJC_IMPLICIT_RETAIN_SELF = YES;
				CLANG_WARN_OBJC_LITERAL_CONVERSION = YES;
				CLANG_WARN_OBJC_ROOT_CLASS = YES_ERROR;
				CLANG_WARN_RANGE_LOOP_ANALYSIS = YES;
				CLANG_WARN_STRICT_PROTOTYPES = YES;
				CLANG_WARN_SUSPICIOUS_MOVE = YES;
				CLANG_WARN_UNGUARDED_AVAILABILITY = YES_AGGRESSIVE;
				CLANG_WARN_UNREACHABLE_CODE = YES;
				CLANG_WARN__DUPLICATE_METHOD_MATCH = YES;
				CODE_SIGN_IDENTITY = "iPhone Developer";
				COPY_PHASE_STRIP = NO;
				DEBUG_INFORMATION_FORMAT = "dwarf-with-dsym";
				ENABLE_NS_ASSERTIONS = NO;
				ENABLE_STRICT_OBJC_MSGSEND = YES;
				GCC_C_LANGUAGE_STANDARD = gnu11;
				GCC_NO_COMMON_BLOCKS = YES;
				GCC_WARN_64_TO_32_BIT_CONVERSION = YES;
				GCC_WARN_ABOUT_RETURN_TYPE = YES_ERROR;
				GCC_WARN_UNDECLARED_SELECTOR = YES;
				GCC_WARN_UNINITIALIZED_AUTOS = YES_AGGRESSIVE;
				GCC_WARN_UNUSED_FUNCTION = YES;
				GCC_WARN_UNUSED_VARIABLE = YES;
				IPHONEOS_DEPLOYMENT_TARGET = 12.1;
				MTL_ENABLE_DEBUG_INFO = NO;
				MTL_FAST_MATH = YES;
				SDKROOT = iphoneos;
				SWIFT_COMPILATION_MODE = wholemodule;
				SWIFT_OPTIMIZATION_LEVEL = "-O";
				VALIDATE_PRODUCT = YES;
			};
			name = Release;
		};
		775930FA22942E9000E09140 /* Debug */ = {
			isa = XCBuildConfiguration;
			baseConfigurationReference = 8C8EAA7A1D20BA6A5210C71A /* Pods-iosProjekt.debug.xcconfig */;
			buildSettings = {
				ASSETCATALOG_COMPILER_APPICON_NAME = AppIcon;
				CODE_SIGN_STYLE = Automatic;
				DEVELOPMENT_TEAM = 94R6Y5FT3S;
				INFOPLIST_FILE = iosProjekt/Info.plist;
				IPHONEOS_DEPLOYMENT_TARGET = 11.4;
				LD_RUNPATH_SEARCH_PATHS = (
					"$(inherited)",
					"@executable_path/Frameworks",
				);
				PRODUCT_BUNDLE_IDENTIFIER = hr.fer.pavlek.juraj.iosProjekt;
				PRODUCT_NAME = "$(TARGET_NAME)";
				SWIFT_VERSION = 4.2;
				TARGETED_DEVICE_FAMILY = "1,2";
			};
			name = Debug;
		};
		775930FB22942E9000E09140 /* Release */ = {
			isa = XCBuildConfiguration;
			baseConfigurationReference = 469E2839E798F8BDFBC5056A /* Pods-iosProjekt.release.xcconfig */;
			buildSettings = {
				ASSETCATALOG_COMPILER_APPICON_NAME = AppIcon;
				CODE_SIGN_STYLE = Automatic;
				DEVELOPMENT_TEAM = 94R6Y5FT3S;
				INFOPLIST_FILE = iosProjekt/Info.plist;
				IPHONEOS_DEPLOYMENT_TARGET = 11.4;
				LD_RUNPATH_SEARCH_PATHS = (
					"$(inherited)",
					"@executable_path/Frameworks",
				);
				PRODUCT_BUNDLE_IDENTIFIER = hr.fer.pavlek.juraj.iosProjekt;
				PRODUCT_NAME = "$(TARGET_NAME)";
				SWIFT_VERSION = 4.2;
				TARGETED_DEVICE_FAMILY = "1,2";
			};
			name = Release;
		};
		775930FD22942E9000E09140 /* Debug */ = {
			isa = XCBuildConfiguration;
			baseConfigurationReference = 759C0CB01415A31DD43B4956 /* Pods-iosProjektTests.debug.xcconfig */;
			buildSettings = {
				ALWAYS_EMBED_SWIFT_STANDARD_LIBRARIES = YES;
				BUNDLE_LOADER = "$(TEST_HOST)";
				CODE_SIGN_STYLE = Automatic;
				DEVELOPMENT_TEAM = 94R6Y5FT3S;
				INFOPLIST_FILE = iosProjektTests/Info.plist;
				LD_RUNPATH_SEARCH_PATHS = (
					"$(inherited)",
					"@executable_path/Frameworks",
					"@loader_path/Frameworks",
				);
				PRODUCT_BUNDLE_IDENTIFIER = hr.fer.pavlek.juraj.iosProjektTests;
				PRODUCT_NAME = "$(TARGET_NAME)";
				SWIFT_VERSION = 4.2;
				TARGETED_DEVICE_FAMILY = "1,2";
				TEST_HOST = "$(BUILT_PRODUCTS_DIR)/iosProjekt.app/iosProjekt";
			};
			name = Debug;
		};
		775930FE22942E9000E09140 /* Release */ = {
			isa = XCBuildConfiguration;
			baseConfigurationReference = 0CCDEA25D56672AC79A23805 /* Pods-iosProjektTests.release.xcconfig */;
			buildSettings = {
				ALWAYS_EMBED_SWIFT_STANDARD_LIBRARIES = YES;
				BUNDLE_LOADER = "$(TEST_HOST)";
				CODE_SIGN_STYLE = Automatic;
				DEVELOPMENT_TEAM = 94R6Y5FT3S;
				INFOPLIST_FILE = iosProjektTests/Info.plist;
				LD_RUNPATH_SEARCH_PATHS = (
					"$(inherited)",
					"@executable_path/Frameworks",
					"@loader_path/Frameworks",
				);
				PRODUCT_BUNDLE_IDENTIFIER = hr.fer.pavlek.juraj.iosProjektTests;
				PRODUCT_NAME = "$(TARGET_NAME)";
				SWIFT_VERSION = 4.2;
				TARGETED_DEVICE_FAMILY = "1,2";
				TEST_HOST = "$(BUILT_PRODUCTS_DIR)/iosProjekt.app/iosProjekt";
			};
			name = Release;
		};
		7759310022942E9000E09140 /* Debug */ = {
			isa = XCBuildConfiguration;
			baseConfigurationReference = 8E9682D5A241FBE48C7C07C2 /* Pods-iosProjektUITests.debug.xcconfig */;
			buildSettings = {
				ALWAYS_EMBED_SWIFT_STANDARD_LIBRARIES = YES;
				CODE_SIGN_STYLE = Automatic;
				DEVELOPMENT_TEAM = 94R6Y5FT3S;
				INFOPLIST_FILE = iosProjektUITests/Info.plist;
				LD_RUNPATH_SEARCH_PATHS = (
					"$(inherited)",
					"@executable_path/Frameworks",
					"@loader_path/Frameworks",
				);
				PRODUCT_BUNDLE_IDENTIFIER = hr.fer.pavlek.juraj.iosProjektUITests;
				PRODUCT_NAME = "$(TARGET_NAME)";
				SWIFT_VERSION = 4.2;
				TARGETED_DEVICE_FAMILY = "1,2";
				TEST_TARGET_NAME = iosProjekt;
			};
			name = Debug;
		};
		7759310122942E9000E09140 /* Release */ = {
			isa = XCBuildConfiguration;
			baseConfigurationReference = C84203F7CB24D48B332E46F3 /* Pods-iosProjektUITests.release.xcconfig */;
			buildSettings = {
				ALWAYS_EMBED_SWIFT_STANDARD_LIBRARIES = YES;
				CODE_SIGN_STYLE = Automatic;
				DEVELOPMENT_TEAM = 94R6Y5FT3S;
				INFOPLIST_FILE = iosProjektUITests/Info.plist;
				LD_RUNPATH_SEARCH_PATHS = (
					"$(inherited)",
					"@executable_path/Frameworks",
					"@loader_path/Frameworks",
				);
				PRODUCT_BUNDLE_IDENTIFIER = hr.fer.pavlek.juraj.iosProjektUITests;
				PRODUCT_NAME = "$(TARGET_NAME)";
				SWIFT_VERSION = 4.2;
				TARGETED_DEVICE_FAMILY = "1,2";
				TEST_TARGET_NAME = iosProjekt;
			};
			name = Release;
		};
/* End XCBuildConfiguration section */

/* Begin XCConfigurationList section */
		775930CC22942E8F00E09140 /* Build configuration list for PBXProject "iosProjekt" */ = {
			isa = XCConfigurationList;
			buildConfigurations = (
				775930F722942E9000E09140 /* Debug */,
				775930F822942E9000E09140 /* Release */,
			);
			defaultConfigurationIsVisible = 0;
			defaultConfigurationName = Release;
		};
		775930F922942E9000E09140 /* Build configuration list for PBXNativeTarget "iosProjekt" */ = {
			isa = XCConfigurationList;
			buildConfigurations = (
				775930FA22942E9000E09140 /* Debug */,
				775930FB22942E9000E09140 /* Release */,
			);
			defaultConfigurationIsVisible = 0;
			defaultConfigurationName = Release;
		};
		775930FC22942E9000E09140 /* Build configuration list for PBXNativeTarget "iosProjektTests" */ = {
			isa = XCConfigurationList;
			buildConfigurations = (
				775930FD22942E9000E09140 /* Debug */,
				775930FE22942E9000E09140 /* Release */,
			);
			defaultConfigurationIsVisible = 0;
			defaultConfigurationName = Release;
		};
		775930FF22942E9000E09140 /* Build configuration list for PBXNativeTarget "iosProjektUITests" */ = {
			isa = XCConfigurationList;
			buildConfigurations = (
				7759310022942E9000E09140 /* Debug */,
				7759310122942E9000E09140 /* Release */,
			);
			defaultConfigurationIsVisible = 0;
			defaultConfigurationName = Release;
		};
/* End XCConfigurationList section */
	};
	rootObject = 775930C922942E8F00E09140 /* Project object */;
}
